// !$*UTF8*$!
{
	archiveVersion = 1;
	classes = {
	};
	objectVersion = 56;
	objects = {

/* Begin PBXBuildFile section */
		409A1AEDFDF8E44EBF23A179 /* ColorPalette.swift in Sources */ = {isa = PBXBuildFile; fileRef = 6BE04D6A494F47DA6209CC31 /* ColorPalette.swift */; };
		E81234560001 /* voyageApp.swift in Sources */ = {isa = PBXBuildFile; fileRef = E81234550001 /* voyageApp.swift */; };
		E81234560002 /* ContentView.swift in Sources */ = {isa = PBXBuildFile; fileRef = E81234550002 /* ContentView.swift */; };
		E81234560003 /* GlobeView.swift in Sources */ = {isa = PBXBuildFile; fileRef = E81234550003 /* GlobeView.swift */; };
		E81234560004 /* GlobeScene.swift in Sources */ = {isa = PBXBuildFile; fileRef = E81234550004 /* GlobeScene.swift */; };
		E81234560006 /* Assets.xcassets in Resources */ = {isa = PBXBuildFile; fileRef = E81234550006 /* Assets.xcassets */; };
		E81234560008 /* GeoJSONParser.swift in Sources */ = {isa = PBXBuildFile; fileRef = E81234550008 /* GeoJSONParser.swift */; };
		E81234560009 /* PolygonTriangulator.swift in Sources */ = {isa = PBXBuildFile; fileRef = E81234550009 /* PolygonTriangulator.swift */; };
		E81234560010 /* world.geojson in Resources */ = {isa = PBXBuildFile; fileRef = E81234550010 /* world.geojson */; };
		E81234560011 /* MapView.swift in Sources */ = {isa = PBXBuildFile; fileRef = E81234550011 /* MapView.swift */; };
		E81234560012 /* OrientationManager.swift in Sources */ = {isa = PBXBuildFile; fileRef = E81234550012 /* OrientationManager.swift */; };
		E81234560013 /* AppDelegate.swift in Sources */ = {isa = PBXBuildFile; fileRef = E81234550013 /* AppDelegate.swift */; };
		E81234560014 /* SettingsView.swift in Sources */ = {isa = PBXBuildFile; fileRef = E81234550014 /* SettingsView.swift */; };
		E81234560018 /* GlobeCache.swift in Sources */ = {isa = PBXBuildFile; fileRef = E81234550018 /* GlobeCache.swift */; };
		E81234560019 /* globe.scn in Resources */ = {isa = PBXBuildFile; fileRef = E81234550019 /* globe.scn */; };
		E81234560020 /* voyageTests.swift in Sources */ = {isa = PBXBuildFile; fileRef = E81234550020 /* voyageTests.swift */; };
		E81234560021 /* AchievementsView.swift in Sources */ = {isa = PBXBuildFile; fileRef = E81234550021 /* AchievementsView.swift */; };
		E81234560028 /* Achievement.swift in Sources */ = {isa = PBXBuildFile; fileRef = E81234550028 /* Achievement.swift */; };
		E81234560022 /* ContinentData.swift in Sources */ = {isa = PBXBuildFile; fileRef = E81234550022 /* ContinentData.swift */; };
		E81234560023 /* AchievementTests.swift in Sources */ = {isa = PBXBuildFile; fileRef = E81234550023 /* AchievementTests.swift */; };
		E81234560024 /* ContinentDataTests.swift in Sources */ = {isa = PBXBuildFile; fileRef = E81234550024 /* ContinentDataTests.swift */; };
		E81234560025 /* AchievementCompletionTests.swift in Sources */ = {isa = PBXBuildFile; fileRef = E81234550025 /* AchievementCompletionTests.swift */; };
		E81234560026 /* TipJarManager.swift in Sources */ = {isa = PBXBuildFile; fileRef = E81234550026 /* TipJarManager.swift */; };
		E81234560027 /* TipJar.storekit in Resources */ = {isa = PBXBuildFile; fileRef = E81234550027 /* TipJar.storekit */; };
		E81234560030 /* main.swift in Sources */ = {isa = PBXBuildFile; fileRef = E81234550030 /* main.swift */; };
/* End PBXBuildFile section */

/* Begin PBXContainerItemProxy section */
		E81234590001 /* PBXContainerItemProxy */ = {
			isa = PBXContainerItemProxy;
			containerPortal = E81234510002 /* Project object */;
			proxyType = 1;
			remoteGlobalIDString = E81234530002;
			remoteInfo = voyage;
		};
/* End PBXContainerItemProxy section */

/* Begin PBXFileReference section */
		6BE04D6A494F47DA6209CC31 /* ColorPalette.swift */ = {isa = PBXFileReference; lastKnownFileType = sourcecode.swift; path = ColorPalette.swift; sourceTree = "<group>"; };
		E81234540001 /* voyage.app */ = {isa = PBXFileReference; explicitFileType = wrapper.application; includeInIndex = 0; path = voyage.app; sourceTree = BUILT_PRODUCTS_DIR; };
		E81234540002 /* voyageTests.xctest */ = {isa = PBXFileReference; explicitFileType = wrapper.cfbundle; includeInIndex = 0; path = voyageTests.xctest; sourceTree = BUILT_PRODUCTS_DIR; };
		E81234540003 /* GlobeCacheGenerator */ = {isa = PBXFileReference; explicitFileType = "compiled.mach-o.executable"; includeInIndex = 0; path = GlobeCacheGenerator; sourceTree = BUILT_PRODUCTS_DIR; };
		E81234550001 /* voyageApp.swift */ = {isa = PBXFileReference; lastKnownFileType = sourcecode.swift; path = voyageApp.swift; sourceTree = "<group>"; };
		E81234550002 /* ContentView.swift */ = {isa = PBXFileReference; lastKnownFileType = sourcecode.swift; path = ContentView.swift; sourceTree = "<group>"; };
		E81234550003 /* GlobeView.swift */ = {isa = PBXFileReference; lastKnownFileType = sourcecode.swift; path = GlobeView.swift; sourceTree = "<group>"; };
		E81234550004 /* GlobeScene.swift */ = {isa = PBXFileReference; lastKnownFileType = sourcecode.swift; path = GlobeScene.swift; sourceTree = "<group>"; };
		E81234550006 /* Assets.xcassets */ = {isa = PBXFileReference; lastKnownFileType = folder.assetcatalog; path = Assets.xcassets; sourceTree = "<group>"; };
		E81234550008 /* GeoJSONParser.swift */ = {isa = PBXFileReference; lastKnownFileType = sourcecode.swift; path = GeoJSONParser.swift; sourceTree = "<group>"; };
		E81234550009 /* PolygonTriangulator.swift */ = {isa = PBXFileReference; lastKnownFileType = sourcecode.swift; path = PolygonTriangulator.swift; sourceTree = "<group>"; };
		E81234550010 /* world.geojson */ = {isa = PBXFileReference; lastKnownFileType = text.json; path = world.geojson; sourceTree = "<group>"; };
		E81234550011 /* MapView.swift */ = {isa = PBXFileReference; lastKnownFileType = sourcecode.swift; path = MapView.swift; sourceTree = "<group>"; };
		E81234550012 /* OrientationManager.swift */ = {isa = PBXFileReference; lastKnownFileType = sourcecode.swift; path = OrientationManager.swift; sourceTree = "<group>"; };
		E81234550013 /* AppDelegate.swift */ = {isa = PBXFileReference; lastKnownFileType = sourcecode.swift; path = AppDelegate.swift; sourceTree = "<group>"; };
		E81234550014 /* SettingsView.swift */ = {isa = PBXFileReference; lastKnownFileType = sourcecode.swift; path = SettingsView.swift; sourceTree = "<group>"; };
		E81234550016 /* voyage.entitlements */ = {isa = PBXFileReference; lastKnownFileType = text.plist.entitlements; path = voyage.entitlements; sourceTree = "<group>"; };
		E81234550018 /* GlobeCache.swift */ = {isa = PBXFileReference; lastKnownFileType = sourcecode.swift; path = GlobeCache.swift; sourceTree = "<group>"; };
		E81234550019 /* globe.scn */ = {isa = PBXFileReference; lastKnownFileType = file.bplist; path = globe.scn; sourceTree = "<group>"; };
		E81234550020 /* voyageTests.swift */ = {isa = PBXFileReference; lastKnownFileType = sourcecode.swift; path = voyageTests.swift; sourceTree = "<group>"; };
		E81234550021 /* AchievementsView.swift */ = {isa = PBXFileReference; lastKnownFileType = sourcecode.swift; path = AchievementsView.swift; sourceTree = "<group>"; };
		E81234550028 /* Achievement.swift */ = {isa = PBXFileReference; lastKnownFileType = sourcecode.swift; path = Achievement.swift; sourceTree = "<group>"; };
		E81234550022 /* ContinentData.swift */ = {isa = PBXFileReference; lastKnownFileType = sourcecode.swift; path = ContinentData.swift; sourceTree = "<group>"; };
		E81234550023 /* AchievementTests.swift */ = {isa = PBXFileReference; lastKnownFileType = sourcecode.swift; path = AchievementTests.swift; sourceTree = "<group>"; };
		E81234550024 /* ContinentDataTests.swift */ = {isa = PBXFileReference; lastKnownFileType = sourcecode.swift; path = ContinentDataTests.swift; sourceTree = "<group>"; };
		E81234550025 /* AchievementCompletionTests.swift */ = {isa = PBXFileReference; lastKnownFileType = sourcecode.swift; path = AchievementCompletionTests.swift; sourceTree = "<group>"; };
		E81234550026 /* TipJarManager.swift */ = {isa = PBXFileReference; lastKnownFileType = sourcecode.swift; path = TipJarManager.swift; sourceTree = "<group>"; };
		E81234550027 /* TipJar.storekit */ = {isa = PBXFileReference; lastKnownFileType = text; path = TipJar.storekit; sourceTree = "<group>"; };
		E81234550030 /* main.swift */ = {isa = PBXFileReference; lastKnownFileType = sourcecode.swift; path = main.swift; sourceTree = "<group>"; };
/* End PBXFileReference section */

/* Begin PBXFrameworksBuildPhase section */
		E81234530001 /* Frameworks */ = {
			isa = PBXFrameworksBuildPhase;
			buildActionMask = 2147483647;
			files = (
			);
			runOnlyForDeploymentPostprocessing = 0;
		};
		E81234530005 /* Frameworks */ = {
			isa = PBXFrameworksBuildPhase;
			buildActionMask = 2147483647;
			files = (
			);
			runOnlyForDeploymentPostprocessing = 0;
		};
		E81234530009 /* Frameworks */ = {
			isa = PBXFrameworksBuildPhase;
			buildActionMask = 2147483647;
			files = (
			);
			runOnlyForDeploymentPostprocessing = 0;
		};
/* End PBXFrameworksBuildPhase section */

/* Begin PBXGroup section */
		E81234510001 = {
			isa = PBXGroup;
			children = (
				E81234520001 /* voyage */,
				E81234520003 /* voyageTests */,
				E81234520004 /* GlobeCacheGenerator */,
				E81234520002 /* Products */,
			);
			sourceTree = "<group>";
		};
		E81234520001 /* voyage */ = {
			isa = PBXGroup;
			children = (
				E81234550016 /* voyage.entitlements */,
				E81234550001 /* voyageApp.swift */,
				E81234550013 /* AppDelegate.swift */,
				E81234550012 /* OrientationManager.swift */,
				E81234550002 /* ContentView.swift */,
				E81234550014 /* SettingsView.swift */,
				E81234550003 /* GlobeView.swift */,
				E81234550011 /* MapView.swift */,
				E81234550004 /* GlobeScene.swift */,
				E81234550008 /* GeoJSONParser.swift */,
				E81234550009 /* PolygonTriangulator.swift */,
				E81234550018 /* GlobeCache.swift */,
				E81234550021 /* AchievementsView.swift */,
				E81234550028 /* Achievement.swift */,
				6BE04D6A494F47DA6209CC31 /* ColorPalette.swift */,
				E81234550022 /* ContinentData.swift */,
				E81234550026 /* TipJarManager.swift */,
				E81234550027 /* TipJar.storekit */,
				E81234550006 /* Assets.xcassets */,
				E81234550010 /* world.geojson */,
				E81234550019 /* globe.scn */,
			);
			path = voyage;
			sourceTree = "<group>";
		};
		E81234520002 /* Products */ = {
			isa = PBXGroup;
			children = (
				E81234540001 /* voyage.app */,
				E81234540002 /* voyageTests.xctest */,
				E81234540003 /* GlobeCacheGenerator */,
			);
			name = Products;
			sourceTree = "<group>";
		};
		E81234520003 /* voyageTests */ = {
			isa = PBXGroup;
			children = (
				E81234550020 /* voyageTests.swift */,
				E81234550023 /* AchievementTests.swift */,
				E81234550024 /* ContinentDataTests.swift */,
				E81234550025 /* AchievementCompletionTests.swift */,
			);
			path = voyageTests;
			sourceTree = "<group>";
		};
		E81234520004 /* GlobeCacheGenerator */ = {
			isa = PBXGroup;
			children = (
				E81234550030 /* main.swift */,
			);
			path = GlobeCacheGenerator;
			sourceTree = "<group>";
		};
/* End PBXGroup section */

/* Begin PBXNativeTarget section */
		E81234530002 /* voyage */ = {
			isa = PBXNativeTarget;
			buildConfigurationList = E81234570001 /* Build configuration list for PBXNativeTarget "voyage" */;
			buildPhases = (
				E81234530003 /* Sources */,
				E81234530001 /* Frameworks */,
				E81234530004 /* Resources */,
			);
			buildRules = (
			);
			dependencies = (
			);
			name = voyage;
			productName = voyage;
			productReference = E81234540001 /* voyage.app */;
			productType = "com.apple.product-type.application";
		};
		E81234530006 /* voyageTests */ = {
			isa = PBXNativeTarget;
			buildConfigurationList = E81234570003 /* Build configuration list for PBXNativeTarget "voyageTests" */;
			buildPhases = (
				E81234530007 /* Sources */,
				E81234530005 /* Frameworks */,
				E81234530008 /* Resources */,
			);
			buildRules = (
			);
			dependencies = (
				E81234590002 /* PBXTargetDependency */,
			);
			name = voyageTests;
			productName = voyageTests;
			productReference = E81234540002 /* voyageTests.xctest */;
			productType = "com.apple.product-type.bundle.unit-test";
		};
		E81234530010 /* GlobeCacheGenerator */ = {
			isa = PBXNativeTarget;
			buildConfigurationList = E81234570004 /* Build configuration list for PBXNativeTarget "GlobeCacheGenerator" */;
			buildPhases = (
				E81234530011 /* Sources */,
				E81234530009 /* Frameworks */,
			);
			buildRules = (
			);
			dependencies = (
			);
			name = GlobeCacheGenerator;
			productName = GlobeCacheGenerator;
			productReference = E81234540003 /* GlobeCacheGenerator */;
			productType = "com.apple.product-type.tool";
		};
/* End PBXNativeTarget section */

/* Begin PBXProject section */
		E81234510002 /* Project object */ = {
			isa = PBXProject;
			attributes = {
				BuildIndependentTargetsInParallel = 1;
				LastSwiftUpdateCheck = 1500;
				LastUpgradeCheck = 2620;
				TargetAttributes = {
					E81234530002 = {
						CreatedOnToolsVersion = 15.0;
					};
					E81234530006 = {
						CreatedOnToolsVersion = 15.0;
						TestTargetID = E81234530002;
					};
					E81234530010 = {
						CreatedOnToolsVersion = 15.0;
					};
				};
			};
			buildConfigurationList = E81234570002 /* Build configuration list for PBXProject "voyage" */;
			compatibilityVersion = "Xcode 14.0";
			developmentRegion = en;
			hasScannedForEncodings = 0;
			knownRegions = (
				en,
				Base,
			);
			mainGroup = E81234510001;
			productRefGroup = E81234520002 /* Products */;
			projectDirPath = "";
			projectRoot = "";
			targets = (
				E81234530002 /* voyage */,
				E81234530006 /* voyageTests */,
				E81234530010 /* GlobeCacheGenerator */,
			);
		};
/* End PBXProject section */

/* Begin PBXResourcesBuildPhase section */
		E81234530004 /* Resources */ = {
			isa = PBXResourcesBuildPhase;
			buildActionMask = 2147483647;
			files = (
				E81234560006 /* Assets.xcassets in Resources */,
				E81234560010 /* world.geojson in Resources */,
				E81234560019 /* globe.scn in Resources */,
				E81234560027 /* TipJar.storekit in Resources */,
			);
			runOnlyForDeploymentPostprocessing = 0;
		};
		E81234530008 /* Resources */ = {
			isa = PBXResourcesBuildPhase;
			buildActionMask = 2147483647;
			files = (
			);
			runOnlyForDeploymentPostprocessing = 0;
		};
/* End PBXResourcesBuildPhase section */

/* Begin PBXSourcesBuildPhase section */
		E81234530003 /* Sources */ = {
			isa = PBXSourcesBuildPhase;
			buildActionMask = 2147483647;
			files = (
				E81234560001 /* voyageApp.swift in Sources */,
				E81234560013 /* AppDelegate.swift in Sources */,
				E81234560012 /* OrientationManager.swift in Sources */,
				E81234560002 /* ContentView.swift in Sources */,
				E81234560014 /* SettingsView.swift in Sources */,
				E81234560003 /* GlobeView.swift in Sources */,
				E81234560011 /* MapView.swift in Sources */,
				E81234560004 /* GlobeScene.swift in Sources */,
				E81234560008 /* GeoJSONParser.swift in Sources */,
				E81234560009 /* PolygonTriangulator.swift in Sources */,
				E81234560018 /* GlobeCache.swift in Sources */,
				E81234560021 /* AchievementsView.swift in Sources */,
				E81234560028 /* Achievement.swift in Sources */,
				409A1AEDFDF8E44EBF23A179 /* ColorPalette.swift in Sources */,
				E81234560022 /* ContinentData.swift in Sources */,
				E81234560026 /* TipJarManager.swift in Sources */,
			);
			runOnlyForDeploymentPostprocessing = 0;
		};
		E81234530007 /* Sources */ = {
			isa = PBXSourcesBuildPhase;
			buildActionMask = 2147483647;
			files = (
				E81234560020 /* voyageTests.swift in Sources */,
				E81234560023 /* AchievementTests.swift in Sources */,
				E81234560024 /* ContinentDataTests.swift in Sources */,
				E81234560025 /* AchievementCompletionTests.swift in Sources */,
			);
			runOnlyForDeploymentPostprocessing = 0;
		};
		E81234530011 /* Sources */ = {
			isa = PBXSourcesBuildPhase;
			buildActionMask = 2147483647;
			files = (
				E81234560030 /* main.swift in Sources */,
			);
			runOnlyForDeploymentPostprocessing = 0;
		};
/* End PBXSourcesBuildPhase section */

/* Begin PBXTargetDependency section */
		E81234590002 /* PBXTargetDependency */ = {
			isa = PBXTargetDependency;
			target = E81234530002 /* voyage */;
			targetProxy = E81234590001 /* PBXContainerItemProxy */;
		};
/* End PBXTargetDependency section */

/* Begin XCBuildConfiguration section */
		E81234580001 /* Debug */ = {
			isa = XCBuildConfiguration;
			buildSettings = {
				ALWAYS_SEARCH_USER_PATHS = NO;
				ASSETCATALOG_COMPILER_GENERATE_SWIFT_ASSET_SYMBOL_EXTENSIONS = YES;
				CLANG_ANALYZER_NONNULL = YES;
				CLANG_ANALYZER_NUMBER_OBJECT_CONVERSION = YES_AGGRESSIVE;
				CLANG_CXX_LANGUAGE_STANDARD = "gnu++20";
				CLANG_ENABLE_MODULES = YES;
				CLANG_ENABLE_OBJC_ARC = YES;
				CLANG_ENABLE_OBJC_WEAK = YES;
				CLANG_WARN_BLOCK_CAPTURE_AUTORELEASING = YES;
				CLANG_WARN_BOOL_CONVERSION = YES;
				CLANG_WARN_COMMA = YES;
				CLANG_WARN_CONSTANT_CONVERSION = YES;
				CLANG_WARN_DEPRECATED_OBJC_IMPLEMENTATIONS = YES;
				CLANG_WARN_DIRECT_OBJC_ISA_USAGE = YES_ERROR;
				CLANG_WARN_DOCUMENTATION_COMMENTS = YES;
				CLANG_WARN_EMPTY_BODY = YES;
				CLANG_WARN_ENUM_CONVERSION = YES;
				CLANG_WARN_INFINITE_RECURSION = YES;
				CLANG_WARN_INT_CONVERSION = YES;
				CLANG_WARN_NON_LITERAL_NULL_CONVERSION = YES;
				CLANG_WARN_OBJC_IMPLICIT_RETAIN_SELF = YES;
				CLANG_WARN_OBJC_LITERAL_CONVERSION = YES;
				CLANG_WARN_OBJC_ROOT_CLASS = YES_ERROR;
				CLANG_WARN_QUOTED_INCLUDE_IN_FRAMEWORK_HEADER = YES;
				CLANG_WARN_RANGE_LOOP_ANALYSIS = YES;
				CLANG_WARN_STRICT_PROTOTYPES = YES;
				CLANG_WARN_SUSPICIOUS_MOVE = YES;
				CLANG_WARN_UNGUARDED_AVAILABILITY = YES_AGGRESSIVE;
				CLANG_WARN_UNREACHABLE_CODE = YES;
				CLANG_WARN__DUPLICATE_METHOD_MATCH = YES;
				COPY_PHASE_STRIP = NO;
				DEBUG_INFORMATION_FORMAT = dwarf;
				DEVELOPMENT_TEAM = LP4YVQGGQL;
				ENABLE_STRICT_OBJC_MSGSEND = YES;
				ENABLE_TESTABILITY = YES;
				ENABLE_USER_SCRIPT_SANDBOXING = YES;
				GCC_C_LANGUAGE_STANDARD = gnu17;
				GCC_DYNAMIC_NO_PIC = NO;
				GCC_NO_COMMON_BLOCKS = YES;
				GCC_OPTIMIZATION_LEVEL = 0;
				GCC_PREPROCESSOR_DEFINITIONS = (
					"DEBUG=1",
					"$(inherited)",
				);
				GCC_WARN_64_TO_32_BIT_CONVERSION = YES;
				GCC_WARN_ABOUT_RETURN_TYPE = YES_ERROR;
				GCC_WARN_UNDECLARED_SELECTOR = YES;
				GCC_WARN_UNINITIALIZED_AUTOS = YES_AGGRESSIVE;
				GCC_WARN_UNUSED_FUNCTION = YES;
				GCC_WARN_UNUSED_VARIABLE = YES;
				IPHONEOS_DEPLOYMENT_TARGET = 17.0;
				LOCALIZATION_PREFERS_STRING_CATALOGS = YES;
				MTL_ENABLE_DEBUG_INFO = INCLUDE_SOURCE;
				MTL_FAST_MATH = YES;
				ONLY_ACTIVE_ARCH = YES;
				SDKROOT = iphoneos;
				STRING_CATALOG_GENERATE_SYMBOLS = YES;
				SWIFT_ACTIVE_COMPILATION_CONDITIONS = "DEBUG $(inherited)";
				SWIFT_OPTIMIZATION_LEVEL = "-Onone";
			};
			name = Debug;
		};
		E81234580002 /* Release */ = {
			isa = XCBuildConfiguration;
			buildSettings = {
				ALWAYS_SEARCH_USER_PATHS = NO;
				ASSETCATALOG_COMPILER_GENERATE_SWIFT_ASSET_SYMBOL_EXTENSIONS = YES;
				CLANG_ANALYZER_NONNULL = YES;
				CLANG_ANALYZER_NUMBER_OBJECT_CONVERSION = YES_AGGRESSIVE;
				CLANG_CXX_LANGUAGE_STANDARD = "gnu++20";
				CLANG_ENABLE_MODULES = YES;
				CLANG_ENABLE_OBJC_ARC = YES;
				CLANG_ENABLE_OBJC_WEAK = YES;
				CLANG_WARN_BLOCK_CAPTURE_AUTORELEASING = YES;
				CLANG_WARN_BOOL_CONVERSION = YES;
				CLANG_WARN_COMMA = YES;
				CLANG_WARN_CONSTANT_CONVERSION = YES;
				CLANG_WARN_DEPRECATED_OBJC_IMPLEMENTATIONS = YES;
				CLANG_WARN_DIRECT_OBJC_ISA_USAGE = YES_ERROR;
				CLANG_WARN_DOCUMENTATION_COMMENTS = YES;
				CLANG_WARN_EMPTY_BODY = YES;
				CLANG_WARN_ENUM_CONVERSION = YES;
				CLANG_WARN_INFINITE_RECURSION = YES;
				CLANG_WARN_INT_CONVERSION = YES;
				CLANG_WARN_NON_LITERAL_NULL_CONVERSION = YES;
				CLANG_WARN_OBJC_IMPLICIT_RETAIN_SELF = YES;
				CLANG_WARN_OBJC_LITERAL_CONVERSION = YES;
				CLANG_WARN_OBJC_ROOT_CLASS = YES_ERROR;
				CLANG_WARN_QUOTED_INCLUDE_IN_FRAMEWORK_HEADER = YES;
				CLANG_WARN_RANGE_LOOP_ANALYSIS = YES;
				CLANG_WARN_STRICT_PROTOTYPES = YES;
				CLANG_WARN_SUSPICIOUS_MOVE = YES;
				CLANG_WARN_UNGUARDED_AVAILABILITY = YES_AGGRESSIVE;
				CLANG_WARN_UNREACHABLE_CODE = YES;
				CLANG_WARN__DUPLICATE_METHOD_MATCH = YES;
				COPY_PHASE_STRIP = NO;
				DEBUG_INFORMATION_FORMAT = "dwarf-with-dsym";
				DEVELOPMENT_TEAM = LP4YVQGGQL;
				ENABLE_NS_ASSERTIONS = NO;
				ENABLE_STRICT_OBJC_MSGSEND = YES;
				ENABLE_USER_SCRIPT_SANDBOXING = YES;
				GCC_C_LANGUAGE_STANDARD = gnu17;
				GCC_NO_COMMON_BLOCKS = YES;
				GCC_WARN_64_TO_32_BIT_CONVERSION = YES;
				GCC_WARN_ABOUT_RETURN_TYPE = YES_ERROR;
				GCC_WARN_UNDECLARED_SELECTOR = YES;
				GCC_WARN_UNINITIALIZED_AUTOS = YES_AGGRESSIVE;
				GCC_WARN_UNUSED_FUNCTION = YES;
				GCC_WARN_UNUSED_VARIABLE = YES;
				IPHONEOS_DEPLOYMENT_TARGET = 17.0;
				LOCALIZATION_PREFERS_STRING_CATALOGS = YES;
				MTL_ENABLE_DEBUG_INFO = NO;
				MTL_FAST_MATH = YES;
				SDKROOT = iphoneos;
				STRING_CATALOG_GENERATE_SYMBOLS = YES;
				SWIFT_COMPILATION_MODE = wholemodule;
				VALIDATE_PRODUCT = YES;
			};
			name = Release;
		};
		E81234580003 /* Debug */ = {
			isa = XCBuildConfiguration;
			buildSettings = {
				ASSETCATALOG_COMPILER_APPICON_NAME = AppIcon;
				ASSETCATALOG_COMPILER_GLOBAL_ACCENT_COLOR_NAME = AccentColor;
				CODE_SIGN_ENTITLEMENTS = voyage/voyage.entitlements;
				CODE_SIGN_STYLE = Automatic;
				CURRENT_PROJECT_VERSION = 4;
				DEVELOPMENT_TEAM = LP4YVQGGQL;
				ENABLE_PREVIEWS = YES;
				GENERATE_INFOPLIST_FILE = YES;
				INFOPLIST_KEY_CFBundleDisplayName = voyage;
				INFOPLIST_KEY_LSApplicationCategoryType = "public.app-category.travel";
				INFOPLIST_KEY_UIApplicationSceneManifest_Generation = YES;
				INFOPLIST_KEY_UIApplicationSupportsIndirectInputEvents = YES;
				INFOPLIST_KEY_UILaunchScreen_Generation = YES;
				INFOPLIST_KEY_UISupportedInterfaceOrientations = "UIInterfaceOrientationLandscapeLeft UIInterfaceOrientationLandscapeRight UIInterfaceOrientationPortrait UIInterfaceOrientationPortraitUpsideDown";
				LD_RUNPATH_SEARCH_PATHS = (
					"$(inherited)",
					"@executable_path/Frameworks",
				);
				MARKETING_VERSION = 1.0.1;
				PRODUCT_BUNDLE_IDENTIFIER = com.anmol.voyage;
				PRODUCT_NAME = "$(TARGET_NAME)";
				SWIFT_EMIT_LOC_STRINGS = YES;
				SWIFT_VERSION = 5.0;
				TARGETED_DEVICE_FAMILY = "1,2";
			};
			name = Debug;
		};
		E81234580004 /* Release */ = {
			isa = XCBuildConfiguration;
			buildSettings = {
				ASSETCATALOG_COMPILER_APPICON_NAME = AppIcon;
				ASSETCATALOG_COMPILER_GLOBAL_ACCENT_COLOR_NAME = AccentColor;
				CODE_SIGN_ENTITLEMENTS = voyage/voyage.entitlements;
				CODE_SIGN_STYLE = Automatic;
				CURRENT_PROJECT_VERSION = 4;
				DEVELOPMENT_TEAM = LP4YVQGGQL;
				ENABLE_PREVIEWS = YES;
				GENERATE_INFOPLIST_FILE = YES;
				INFOPLIST_KEY_CFBundleDisplayName = voyage;
				INFOPLIST_KEY_LSApplicationCategoryType = "public.app-category.travel";
				INFOPLIST_KEY_UIApplicationSceneManifest_Generation = YES;
				INFOPLIST_KEY_UIApplicationSupportsIndirectInputEvents = YES;
				INFOPLIST_KEY_UILaunchScreen_Generation = YES;
				INFOPLIST_KEY_UISupportedInterfaceOrientations = "UIInterfaceOrientationLandscapeLeft UIInterfaceOrientationLandscapeRight UIInterfaceOrientationPortrait UIInterfaceOrientationPortraitUpsideDown";
				LD_RUNPATH_SEARCH_PATHS = (
					"$(inherited)",
					"@executable_path/Frameworks",
				);
				MARKETING_VERSION = 1.0.1;
				PRODUCT_BUNDLE_IDENTIFIER = com.anmol.voyage;
				PRODUCT_NAME = "$(TARGET_NAME)";
				SWIFT_EMIT_LOC_STRINGS = YES;
				SWIFT_VERSION = 5.0;
				TARGETED_DEVICE_FAMILY = "1,2";
			};
			name = Release;
		};
		E81234580005 /* Debug */ = {
			isa = XCBuildConfiguration;
			buildSettings = {
				BUNDLE_LOADER = "$(TEST_HOST)";
				CODE_SIGN_STYLE = Automatic;
				CURRENT_PROJECT_VERSION = 1;
				DEVELOPMENT_TEAM = LP4YVQGGQL;
				GENERATE_INFOPLIST_FILE = YES;
				IPHONEOS_DEPLOYMENT_TARGET = 17.0;
				MARKETING_VERSION = 1.0;
				PRODUCT_BUNDLE_IDENTIFIER = com.anmol.voyageTests;
				PRODUCT_NAME = "$(TARGET_NAME)";
				SWIFT_EMIT_LOC_STRINGS = NO;
				SWIFT_VERSION = 5.0;
				TARGETED_DEVICE_FAMILY = "1,2";
				TEST_HOST = "$(BUILT_PRODUCTS_DIR)/voyage.app/$(BUNDLE_EXECUTABLE_FOLDER_PATH)/voyage";
			};
			name = Debug;
		};
		E81234580006 /* Release */ = {
			isa = XCBuildConfiguration;
			buildSettings = {
				BUNDLE_LOADER = "$(TEST_HOST)";
				CODE_SIGN_STYLE = Automatic;
				CURRENT_PROJECT_VERSION = 1;
				DEVELOPMENT_TEAM = LP4YVQGGQL;
				GENERATE_INFOPLIST_FILE = YES;
				IPHONEOS_DEPLOYMENT_TARGET = 17.0;
				MARKETING_VERSION = 1.0;
				PRODUCT_BUNDLE_IDENTIFIER = com.anmol.voyageTests;
				PRODUCT_NAME = "$(TARGET_NAME)";
				SWIFT_EMIT_LOC_STRINGS = NO;
				SWIFT_VERSION = 5.0;
				TARGETED_DEVICE_FAMILY = "1,2";
				TEST_HOST = "$(BUILT_PRODUCTS_DIR)/voyage.app/$(BUNDLE_EXECUTABLE_FOLDER_PATH)/voyage";
			};
			name = Release;
		};
		E81234580007 /* Debug */ = {
			isa = XCBuildConfiguration;
			buildSettings = {
				CODE_SIGN_STYLE = Automatic;
				CURRENT_PROJECT_VERSION = 1;
				DEVELOPMENT_TEAM = LP4YVQGGQL;
				ENABLE_HARDENED_RUNTIME = YES;
				MACOSX_DEPLOYMENT_TARGET = 14.0;
				PRODUCT_NAME = "$(TARGET_NAME)";
				SDKROOT = macosx;
				SWIFT_VERSION = 5.0;
			};
			name = Debug;
		};
		E81234580008 /* Release */ = {
			isa = XCBuildConfiguration;
			buildSettings = {
				CODE_SIGN_STYLE = Automatic;
				CURRENT_PROJECT_VERSION = 1;
				DEVELOPMENT_TEAM = LP4YVQGGQL;
				ENABLE_HARDENED_RUNTIME = YES;
				MACOSX_DEPLOYMENT_TARGET = 14.0;
				PRODUCT_NAME = "$(TARGET_NAME)";
				SDKROOT = macosx;
				SWIFT_VERSION = 5.0;
			};
			name = Release;
		};
/* End XCBuildConfiguration section */

/* Begin XCConfigurationList section */
		E81234570001 /* Build configuration list for PBXNativeTarget "voyage" */ = {
			isa = XCConfigurationList;
			buildConfigurations = (
				E81234580003 /* Debug */,
				E81234580004 /* Release */,
			);
			defaultConfigurationIsVisible = 0;
			defaultConfigurationName = Release;
		};
		E81234570002 /* Build configuration list for PBXProject "voyage" */ = {
			isa = XCConfigurationList;
			buildConfigurations = (
				E81234580001 /* Debug */,
				E81234580002 /* Release */,
			);
			defaultConfigurationIsVisible = 0;
			defaultConfigurationName = Release;
		};
		E81234570003 /* Build configuration list for PBXNativeTarget "voyageTests" */ = {
			isa = XCConfigurationList;
			buildConfigurations = (
				E81234580005 /* Debug */,
				E81234580006 /* Release */,
			);
			defaultConfigurationIsVisible = 0;
			defaultConfigurationName = Release;
		};
		E81234570004 /* Build configuration list for PBXNativeTarget "GlobeCacheGenerator" */ = {
			isa = XCConfigurationList;
			buildConfigurations = (
				E81234580007 /* Debug */,
				E81234580008 /* Release */,
			);
			defaultConfigurationIsVisible = 0;
			defaultConfigurationName = Release;
		};
/* End XCConfigurationList section */
	};
	rootObject = E81234510002 /* Project object */;
}
